
Microsoft Visual Studio Solution File, Format Version 12.00
Project("{FAE04EC0-301F-11D3-BF4B-00C04F79EFBC}") = "Syscord.Users.Domain.Types", "Syscord.Users.Domain.Types\Syscord.Users.Domain.Types.csproj", "{148119CC-947F-4F07-9426-B2133A4EED72}"
EndProject
Project("{FAE04EC0-301F-11D3-BF4B-00C04F79EFBC}") = "Syscord.Users.WebApi", "Syscord.Users.WebApi\Syscord.Users.WebApi.csproj", "{EEAA5F0D-9BA6-4C02-BA5D-703D973AC693}"
EndProject
Project("{FAE04EC0-301F-11D3-BF4B-00C04F79EFBC}") = "Syscord.Users.Processing", "Syscord.Users.Processing\Syscord.Users.Processing.csproj", "{84D76596-AE9F-4C37-94A7-5E4E3D850B13}"
EndProject
Project("{FAE04EC0-301F-11D3-BF4B-00C04F79EFBC}") = "Syscord.Users.Storage.Postgre", "Syscord.Users.Storage.Postgre\Syscord.Users.Storage.Postgre.csproj", "{421DB252-B3D6-4D6F-945D-21A98CCFE560}"
EndProject
Project("{2150E333-8FDC-42A3-9474-1A3956D46DE8}") = "Users", "Users", "{A01ED00C-57BB-484B-A10E-66AD308F14C1}"
EndProject
Project("{FAE04EC0-301F-11D3-BF4B-00C04F79EFBC}") = "Syscord.Core", "Syscord.Core\Syscord.Core.csproj", "{109E6E45-2B4F-4E0A-90F5-4AC86BBD5667}"
EndProject
Project("{FAE04EC0-301F-11D3-BF4B-00C04F79EFBC}") = "Syscord.SchemaConfigurator", "Syscord.SchemaConfigurator\Syscord.SchemaConfigurator.csproj", "{496465BE-EF5B-4F75-92C7-88197AE9CF4E}"
EndProject
Project("{2150E333-8FDC-42A3-9474-1A3956D46DE8}") = "Schema", "Schema", "{8643CEA2-D6C5-429A-855F-37CC394B7693}"
EndProject
Project("{FAE04EC0-301F-11D3-BF4B-00C04F79EFBC}") = "Syscord.Messaging.Kafka", "Syscord.Messaging.Kafka\Syscord.Messaging.Kafka.csproj", "{9DBBADBC-3C23-404D-ADED-DA3E715D9C9A}"
EndProject
Global
	GlobalSection(SolutionConfigurationPlatforms) = preSolution
		Debug|Any CPU = Debug|Any CPU
		Release|Any CPU = Release|Any CPU
	EndGlobalSection
	GlobalSection(ProjectConfigurationPlatforms) = postSolution
		{148119CC-947F-4F07-9426-B2133A4EED72}.Debug|Any CPU.ActiveCfg = Debug|Any CPU
		{148119CC-947F-4F07-9426-B2133A4EED72}.Debug|Any CPU.Build.0 = Debug|Any CPU
		{148119CC-947F-4F07-9426-B2133A4EED72}.Release|Any CPU.ActiveCfg = Release|Any CPU
		{148119CC-947F-4F07-9426-B2133A4EED72}.Release|Any CPU.Build.0 = Release|Any CPU
		{EEAA5F0D-9BA6-4C02-BA5D-703D973AC693}.Debug|Any CPU.ActiveCfg = Debug|Any CPU
		{EEAA5F0D-9BA6-4C02-BA5D-703D973AC693}.Debug|Any CPU.Build.0 = Debug|Any CPU
		{EEAA5F0D-9BA6-4C02-BA5D-703D973AC693}.Release|Any CPU.ActiveCfg = Release|Any CPU
		{EEAA5F0D-9BA6-4C02-BA5D-703D973AC693}.Release|Any CPU.Build.0 = Release|Any CPU
		{84D76596-AE9F-4C37-94A7-5E4E3D850B13}.Debug|Any CPU.ActiveCfg = Debug|Any CPU
		{84D76596-AE9F-4C37-94A7-5E4E3D850B13}.Debug|Any CPU.Build.0 = Debug|Any CPU
		{84D76596-AE9F-4C37-94A7-5E4E3D850B13}.Release|Any CPU.ActiveCfg = Release|Any CPU
		{84D76596-AE9F-4C37-94A7-5E4E3D850B13}.Release|Any CPU.Build.0 = Release|Any CPU
		{421DB252-B3D6-4D6F-945D-21A98CCFE560}.Debug|Any CPU.ActiveCfg = Debug|Any CPU
		{421DB252-B3D6-4D6F-945D-21A98CCFE560}.Debug|Any CPU.Build.0 = Debug|Any CPU
		{421DB252-B3D6-4D6F-945D-21A98CCFE560}.Release|Any CPU.ActiveCfg = Release|Any CPU
		{421DB252-B3D6-4D6F-945D-21A98CCFE560}.Release|Any CPU.Build.0 = Release|Any CPU
		{109E6E45-2B4F-4E0A-90F5-4AC86BBD5667}.Debug|Any CPU.ActiveCfg = Debug|Any CPU
		{109E6E45-2B4F-4E0A-90F5-4AC86BBD5667}.Debug|Any CPU.Build.0 = Debug|Any CPU
		{109E6E45-2B4F-4E0A-90F5-4AC86BBD5667}.Release|Any CPU.ActiveCfg = Release|Any CPU
		{109E6E45-2B4F-4E0A-90F5-4AC86BBD5667}.Release|Any CPU.Build.0 = Release|Any CPU
		{496465BE-EF5B-4F75-92C7-88197AE9CF4E}.Debug|Any CPU.ActiveCfg = Debug|Any CPU
		{496465BE-EF5B-4F75-92C7-88197AE9CF4E}.Debug|Any CPU.Build.0 = Debug|Any CPU
		{496465BE-EF5B-4F75-92C7-88197AE9CF4E}.Release|Any CPU.ActiveCfg = Release|Any CPU
		{496465BE-EF5B-4F75-92C7-88197AE9CF4E}.Release|Any CPU.Build.0 = Release|Any CPU
		{9DBBADBC-3C23-404D-ADED-DA3E715D9C9A}.Debug|Any CPU.ActiveCfg = Debug|Any CPU
		{9DBBADBC-3C23-404D-ADED-DA3E715D9C9A}.Debug|Any CPU.Build.0 = Debug|Any CPU
		{9DBBADBC-3C23-404D-ADED-DA3E715D9C9A}.Release|Any CPU.ActiveCfg = Release|Any CPU
		{9DBBADBC-3C23-404D-ADED-DA3E715D9C9A}.Release|Any CPU.Build.0 = Release|Any CPU
	EndGlobalSection
	GlobalSection(NestedProjects) = preSolution
		{148119CC-947F-4F07-9426-B2133A4EED72} = {A01ED00C-57BB-484B-A10E-66AD308F14C1}
		{84D76596-AE9F-4C37-94A7-5E4E3D850B13} = {A01ED00C-57BB-484B-A10E-66AD308F14C1}
		{421DB252-B3D6-4D6F-945D-21A98CCFE560} = {A01ED00C-57BB-484B-A10E-66AD308F14C1}
		{EEAA5F0D-9BA6-4C02-BA5D-703D973AC693} = {A01ED00C-57BB-484B-A10E-66AD308F14C1}
		{496465BE-EF5B-4F75-92C7-88197AE9CF4E} = {8643CEA2-D6C5-429A-855F-37CC394B7693}
	EndGlobalSection
EndGlobal
